// !$*UTF8*$!
{
	archiveVersion = 1;
	classes = {
	};
	objectVersion = 56;
	objects = {

/* Begin PBXBuildFile section */
		34750A772B4660FE00CC6FF8 /* ExpenseHomeView.swift in Sources */ = {isa = PBXBuildFile; fileRef = 34750A762B4660FE00CC6FF8 /* ExpenseHomeView.swift */; };
		34750A792B46669600CC6FF8 /* AddExpenseView.swift in Sources */ = {isa = PBXBuildFile; fileRef = 34750A782B46669600CC6FF8 /* AddExpenseView.swift */; };
		34750A7B2B466C7000CC6FF8 /* EditExpenseView.swift in Sources */ = {isa = PBXBuildFile; fileRef = 34750A7A2B466C7000CC6FF8 /* EditExpenseView.swift */; };
		34D782DD2B46D7160079F53E /* ExpenseModel.xcdatamodeld in Sources */ = {isa = PBXBuildFile; fileRef = 34D782DB2B46D7160079F53E /* ExpenseModel.xcdatamodeld */; };
		34D782DF2B46D78A0079F53E /* DataController.swift in Sources */ = {isa = PBXBuildFile; fileRef = 34D782DE2B46D78A0079F53E /* DataController.swift */; };
		34EED8B42B42CC2D00DDC1D3 /* ExpenseApp.swift in Sources */ = {isa = PBXBuildFile; fileRef = 34EED8B32B42CC2D00DDC1D3 /* ExpenseApp.swift */; };
		34EED8B62B42CC2D00DDC1D3 /* ContentView.swift in Sources */ = {isa = PBXBuildFile; fileRef = 34EED8B52B42CC2D00DDC1D3 /* ContentView.swift */; };
		34EED8B82B42CC2F00DDC1D3 /* Assets.xcassets in Resources */ = {isa = PBXBuildFile; fileRef = 34EED8B72B42CC2F00DDC1D3 /* Assets.xcassets */; };
		34EED8BB2B42CC2F00DDC1D3 /* Preview Assets.xcassets in Resources */ = {isa = PBXBuildFile; fileRef = 34EED8BA2B42CC2F00DDC1D3 /* Preview Assets.xcassets */; };
/* End PBXBuildFile section */

/* Begin PBXFileReference section */
		34750A762B4660FE00CC6FF8 /* ExpenseHomeView.swift */ = {isa = PBXFileReference; lastKnownFileType = sourcecode.swift; path = ExpenseHomeView.swift; sourceTree = "<group>"; };
		34750A782B46669600CC6FF8 /* AddExpenseView.swift */ = {isa = PBXFileReference; lastKnownFileType = sourcecode.swift; path = AddExpenseView.swift; sourceTree = "<group>"; };
		34750A7A2B466C7000CC6FF8 /* EditExpenseView.swift */ = {isa = PBXFileReference; lastKnownFileType = sourcecode.swift; path = EditExpenseView.swift; sourceTree = "<group>"; };
		34D782DC2B46D7160079F53E /* ExpenseModel.xcdatamodel */ = {isa = PBXFileReference; lastKnownFileType = wrapper.xcdatamodel; path = ExpenseModel.xcdatamodel; sourceTree = "<group>"; };
		34D782DE2B46D78A0079F53E /* DataController.swift */ = {isa = PBXFileReference; lastKnownFileType = sourcecode.swift; path = DataController.swift; sourceTree = "<group>"; };
		34EED8B02B42CC2D00DDC1D3 /* ExpenseApp.app */ = {isa = PBXFileReference; explicitFileType = wrapper.application; includeInIndex = 0; path = ExpenseApp.app; sourceTree = BUILT_PRODUCTS_DIR; };
		34EED8B32B42CC2D00DDC1D3 /* ExpenseApp.swift */ = {isa = PBXFileReference; lastKnownFileType = sourcecode.swift; path = ExpenseApp.swift; sourceTree = "<group>"; };
		34EED8B52B42CC2D00DDC1D3 /* ContentView.swift */ = {isa = PBXFileReference; lastKnownFileType = sourcecode.swift; path = ContentView.swift; sourceTree = "<group>"; };
		34EED8B72B42CC2F00DDC1D3 /* Assets.xcassets */ = {isa = PBXFileReference; lastKnownFileType = folder.assetcatalog; path = Assets.xcassets; sourceTree = "<group>"; };
		34EED8BA2B42CC2F00DDC1D3 /* Preview Assets.xcassets */ = {isa = PBXFileReference; lastKnownFileType = folder.assetcatalog; path = "Preview Assets.xcassets"; sourceTree = "<group>"; };
/* End PBXFileReference section */

/* Begin PBXFrameworksBuildPhase section */
		34EED8AD2B42CC2D00DDC1D3 /* Frameworks */ = {
			isa = PBXFrameworksBuildPhase;
			buildActionMask = 2147483647;
			files = (
			);
			runOnlyForDeploymentPostprocessing = 0;
		};
/* End PBXFrameworksBuildPhase section */

/* Begin PBXGroup section */
		34D782D82B46D6BF0079F53E /* DataModel */ = {
			isa = PBXGroup;
			children = (
				34D782DB2B46D7160079F53E /* ExpenseModel.xcdatamodeld */,
				34D782DE2B46D78A0079F53E /* DataController.swift */,
			);
			path = DataModel;
			sourceTree = "<group>";
		};
		34D782D92B46D6D40079F53E /* Views */ = {
			isa = PBXGroup;
			children = (
				34EED8B52B42CC2D00DDC1D3 /* ContentView.swift */,
				34750A762B4660FE00CC6FF8 /* ExpenseHomeView.swift */,
				34750A782B46669600CC6FF8 /* AddExpenseView.swift */,
				34750A7A2B466C7000CC6FF8 /* EditExpenseView.swift */,
			);
			path = Views;
			sourceTree = "<group>";
		};
		34EED8A72B42CC2D00DDC1D3 = {
			isa = PBXGroup;
			children = (
				34EED8B22B42CC2D00DDC1D3 /* ExpenseApp */,
				34EED8B12B42CC2D00DDC1D3 /* Products */,
			);
			sourceTree = "<group>";
		};
		34EED8B12B42CC2D00DDC1D3 /* Products */ = {
			isa = PBXGroup;
			children = (
				34EED8B02B42CC2D00DDC1D3 /* ExpenseApp.app */,
			);
			name = Products;
			sourceTree = "<group>";
		};
		34EED8B22B42CC2D00DDC1D3 /* ExpenseApp */ = {
			isa = PBXGroup;
			children = (
				34EED8B32B42CC2D00DDC1D3 /* ExpenseApp.swift */,
				34D782D92B46D6D40079F53E /* Views */,
				34D782D82B46D6BF0079F53E /* DataModel */,
				34EED8B72B42CC2F00DDC1D3 /* Assets.xcassets */,
				34EED8B92B42CC2F00DDC1D3 /* Preview Content */,
			);
			path = ExpenseApp;
			sourceTree = "<group>";
		};
		34EED8B92B42CC2F00DDC1D3 /* Preview Content */ = {
			isa = PBXGroup;
			children = (
				34EED8BA2B42CC2F00DDC1D3 /* Preview Assets.xcassets */,
			);
			path = "Preview Content";
			sourceTree = "<group>";
		};
/* End PBXGroup section */

/* Begin PBXNativeTarget section */
		34EED8AF2B42CC2D00DDC1D3 /* ExpenseApp */ = {
			isa = PBXNativeTarget;
			buildConfigurationList = 34EED8BE2B42CC2F00DDC1D3 /* Build configuration list for PBXNativeTarget "ExpenseApp" */;
			buildPhases = (
				34EED8AC2B42CC2D00DDC1D3 /* Sources */,
				34EED8AD2B42CC2D00DDC1D3 /* Frameworks */,
				34EED8AE2B42CC2D00DDC1D3 /* Resources */,
			);
			buildRules = (
			);
			dependencies = (
			);
			name = ExpenseApp;
			productName = ExpenseApp;
			productReference = 34EED8B02B42CC2D00DDC1D3 /* ExpenseApp.app */;
			productType = "com.apple.product-type.application";
		};
/* End PBXNativeTarget section */

/* Begin PBXProject section */
		34EED8A82B42CC2D00DDC1D3 /* Project object */ = {
			isa = PBXProject;
			attributes = {
				BuildIndependentTargetsInParallel = 1;
				LastSwiftUpdateCheck = 1510;
				LastUpgradeCheck = 1510;
				TargetAttributes = {
					34EED8AF2B42CC2D00DDC1D3 = {
						CreatedOnToolsVersion = 15.1;
					};
				};
			};
			buildConfigurationList = 34EED8AB2B42CC2D00DDC1D3 /* Build configuration list for PBXProject "ExpenseApp" */;
			compatibilityVersion = "Xcode 14.0";
			developmentRegion = en;
			hasScannedForEncodings = 0;
			knownRegions = (
				en,
				Base,
			);
			mainGroup = 34EED8A72B42CC2D00DDC1D3;
			productRefGroup = 34EED8B12B42CC2D00DDC1D3 /* Products */;
			projectDirPath = "";
			projectRoot = "";
			targets = (
				34EED8AF2B42CC2D00DDC1D3 /* ExpenseApp */,
			);
		};
/* End PBXProject section */

/* Begin PBXResourcesBuildPhase section */
		34EED8AE2B42CC2D00DDC1D3 /* Resources */ = {
			isa = PBXResourcesBuildPhase;
			buildActionMask = 2147483647;
			files = (
				34EED8BB2B42CC2F00DDC1D3 /* Preview Assets.xcassets in Resources */,
				34EED8B82B42CC2F00DDC1D3 /* Assets.xcassets in Resources */,
			);
			runOnlyForDeploymentPostprocessing = 0;
		};
/* End PBXResourcesBuildPhase section */

/* Begin PBXSourcesBuildPhase section */
		34EED8AC2B42CC2D00DDC1D3 /* Sources */ = {
			isa = PBXSourcesBuildPhase;
			buildActionMask = 2147483647;
			files = (
				34750A792B46669600CC6FF8 /* AddExpenseView.swift in Sources */,
				34D782DD2B46D7160079F53E /* ExpenseModel.xcdatamodeld in Sources */,
				34750A772B4660FE00CC6FF8 /* ExpenseHomeView.swift in Sources */,
				34D782DF2B46D78A0079F53E /* DataController.swift in Sources */,
				34EED8B62B42CC2D00DDC1D3 /* ContentView.swift in Sources */,
				34EED8B42B42CC2D00DDC1D3 /* ExpenseApp.swift in Sources */,
				34750A7B2B466C7000CC6FF8 /* EditExpenseView.swift in Sources */,
			);
			runOnlyForDeploymentPostprocessing = 0;
		};
/* End PBXSourcesBuildPhase section */

/* Begin XCBuildConfiguration section */
		34EED8BC2B42CC2F00DDC1D3 /* Debug */ = {
			isa = XCBuildConfiguration;
			buildSettings = {
				ALWAYS_SEARCH_USER_PATHS = NO;
				ASSETCATALOG_COMPILER_GENERATE_SWIFT_ASSET_SYMBOL_EXTENSIONS = YES;
				CLANG_ANALYZER_NONNULL = YES;
				CLANG_ANALYZER_NUMBER_OBJECT_CONVERSION = YES_AGGRESSIVE;
				CLANG_CXX_LANGUAGE_STANDARD = "gnu++20";
				CLANG_ENABLE_MODULES = YES;
				CLANG_ENABLE_OBJC_ARC = YES;
				CLANG_ENABLE_OBJC_WEAK = YES;
				CLANG_WARN_BLOCK_CAPTURE_AUTORELEASING = YES;
				CLANG_WARN_BOOL_CONVERSION = YES;
				CLANG_WARN_COMMA = YES;
				CLANG_WARN_CONSTANT_CONVERSION = YES;
				CLANG_WARN_DEPRECATED_OBJC_IMPLEMENTATIONS = YES;
				CLANG_WARN_DIRECT_OBJC_ISA_USAGE = YES_ERROR;
				CLANG_WARN_DOCUMENTATION_COMMENTS = YES;
				CLANG_WARN_EMPTY_BODY = YES;
				CLANG_WARN_ENUM_CONVERSION = YES;
				CLANG_WARN_INFINITE_RECURSION = YES;
				CLANG_WARN_INT_CONVERSION = YES;
				CLANG_WARN_NON_LITERAL_NULL_CONVERSION = YES;
				CLANG_WARN_OBJC_IMPLICIT_RETAIN_SELF = YES;
				CLANG_WARN_OBJC_LITERAL_CONVERSION = YES;
				CLANG_WARN_OBJC_ROOT_CLASS = YES_ERROR;
				CLANG_WARN_QUOTED_INCLUDE_IN_FRAMEWORK_HEADER = YES;
				CLANG_WARN_RANGE_LOOP_ANALYSIS = YES;
				CLANG_WARN_STRICT_PROTOTYPES = YES;
				CLANG_WARN_SUSPICIOUS_MOVE = YES;
				CLANG_WARN_UNGUARDED_AVAILABILITY = YES_AGGRESSIVE;
				CLANG_WARN_UNREACHABLE_CODE = YES;
				CLANG_WARN__DUPLICATE_METHOD_MATCH = YES;
				COPY_PHASE_STRIP = NO;
				DEBUG_INFORMATION_FORMAT = dwarf;
				ENABLE_STRICT_OBJC_MSGSEND = YES;
				ENABLE_TESTABILITY = YES;
				ENABLE_USER_SCRIPT_SANDBOXING = YES;
				GCC_C_LANGUAGE_STANDARD = gnu17;
				GCC_DYNAMIC_NO_PIC = NO;
				GCC_NO_COMMON_BLOCKS = YES;
				GCC_OPTIMIZATION_LEVEL = 0;
				GCC_PREPROCESSOR_DEFINITIONS = (
					"DEBUG=1",
					"$(inherited)",
				);
				GCC_WARN_64_TO_32_BIT_CONVERSION = YES;
				GCC_WARN_ABOUT_RETURN_TYPE = YES_ERROR;
				GCC_WARN_UNDECLARED_SELECTOR = YES;
				GCC_WARN_UNINITIALIZED_AUTOS = YES_AGGRESSIVE;
				GCC_WARN_UNUSED_FUNCTION = YES;
				GCC_WARN_UNUSED_VARIABLE = YES;
				IPHONEOS_DEPLOYMENT_TARGET = 17.2;
				LOCALIZATION_PREFERS_STRING_CATALOGS = YES;
				MTL_ENABLE_DEBUG_INFO = INCLUDE_SOURCE;
				MTL_FAST_MATH = YES;
				ONLY_ACTIVE_ARCH = YES;
				SDKROOT = iphoneos;
				SWIFT_ACTIVE_COMPILATION_CONDITIONS = "DEBUG $(inherited)";
				SWIFT_OPTIMIZATION_LEVEL = "-Onone";
			};
			name = Debug;
		};
		34EED8BD2B42CC2F00DDC1D3 /* Release */ = {
			isa = XCBuildConfiguration;
			buildSettings = {
				ALWAYS_SEARCH_USER_PATHS = NO;
				ASSETCATALOG_COMPILER_GENERATE_SWIFT_ASSET_SYMBOL_EXTENSIONS = YES;
				CLANG_ANALYZER_NONNULL = YES;
				CLANG_ANALYZER_NUMBER_OBJECT_CONVERSION = YES_AGGRESSIVE;
				CLANG_CXX_LANGUAGE_STANDARD = "gnu++20";
				CLANG_ENABLE_MODULES = YES;
				CLANG_ENABLE_OBJC_ARC = YES;
				CLANG_ENABLE_OBJC_WEAK = YES;
				CLANG_WARN_BLOCK_CAPTURE_AUTORELEASING = YES;
				CLANG_WARN_BOOL_CONVERSION = YES;
				CLANG_WARN_COMMA = YES;
				CLANG_WARN_CONSTANT_CONVERSION = YES;
				CLANG_WARN_DEPRECATED_OBJC_IMPLEMENTATIONS = YES;
				CLANG_WARN_DIRECT_OBJC_ISA_USAGE = YES_ERROR;
				CLANG_WARN_DOCUMENTATION_COMMENTS = YES;
				CLANG_WARN_EMPTY_BODY = YES;
				CLANG_WARN_ENUM_CONVERSION = YES;
				CLANG_WARN_INFINITE_RECURSION = YES;
				CLANG_WARN_INT_CONVERSION = YES;
				CLANG_WARN_NON_LITERAL_NULL_CONVERSION = YES;
				CLANG_WARN_OBJC_IMPLICIT_RETAIN_SELF = YES;
				CLANG_WARN_OBJC_LITERAL_CONVERSION = YES;
				CLANG_WARN_OBJC_ROOT_CLASS = YES_ERROR;
				CLANG_WARN_QUOTED_INCLUDE_IN_FRAMEWORK_HEADER = YES;
				CLANG_WARN_RANGE_LOOP_ANALYSIS = YES;
				CLANG_WARN_STRICT_PROTOTYPES = YES;
				CLANG_WARN_SUSPICIOUS_MOVE = YES;
				CLANG_WARN_UNGUARDED_AVAILABILITY = YES_AGGRESSIVE;
				CLANG_WARN_UNREACHABLE_CODE = YES;
				CLANG_WARN__DUPLICATE_METHOD_MATCH = YES;
				COPY_PHASE_STRIP = NO;
				DEBUG_INFORMATION_FORMAT = "dwarf-with-dsym";
				ENABLE_NS_ASSERTIONS = NO;
				ENABLE_STRICT_OBJC_MSGSEND = YES;
				ENABLE_USER_SCRIPT_SANDBOXING = YES;
				GCC_C_LANGUAGE_STANDARD = gnu17;
				GCC_NO_COMMON_BLOCKS = YES;
				GCC_WARN_64_TO_32_BIT_CONVERSION = YES;
				GCC_WARN_ABOUT_RETURN_TYPE = YES_ERROR;
				GCC_WARN_UNDECLARED_SELECTOR = YES;
				GCC_WARN_UNINITIALIZED_AUTOS = YES_AGGRESSIVE;
				GCC_WARN_UNUSED_FUNCTION = YES;
				GCC_WARN_UNUSED_VARIABLE = YES;
				IPHONEOS_DEPLOYMENT_TARGET = 17.2;
				LOCALIZATION_PREFERS_STRING_CATALOGS = YES;
				MTL_ENABLE_DEBUG_INFO = NO;
				MTL_FAST_MATH = YES;
				SDKROOT = iphoneos;
				SWIFT_COMPILATION_MODE = wholemodule;
				VALIDATE_PRODUCT = YES;
			};
			name = Release;
		};
		34EED8BF2B42CC2F00DDC1D3 /* Debug */ = {
			isa = XCBuildConfiguration;
			buildSettings = {
				ASSETCATALOG_COMPILER_APPICON_NAME = AppIcon;
				ASSETCATALOG_COMPILER_GLOBAL_ACCENT_COLOR_NAME = AccentColor;
				CODE_SIGN_STYLE = Automatic;
				CURRENT_PROJECT_VERSION = 1;
				DEVELOPMENT_ASSET_PATHS = "\"ExpenseApp/Preview Content\"";
				DEVELOPMENT_TEAM = BWMT47SU8X;
				ENABLE_PREVIEWS = YES;
				GENERATE_INFOPLIST_FILE = YES;
				INFOPLIST_KEY_UIApplicationSceneManifest_Generation = YES;
				INFOPLIST_KEY_UIApplicationSupportsIndirectInputEvents = YES;
				INFOPLIST_KEY_UILaunchScreen_Generation = YES;
				INFOPLIST_KEY_UISupportedInterfaceOrientations_iPad = "UIInterfaceOrientationPortrait UIInterfaceOrientationPortraitUpsideDown UIInterfaceOrientationLandscapeLeft UIInterfaceOrientationLandscapeRight";
				INFOPLIST_KEY_UISupportedInterfaceOrientations_iPhone = "UIInterfaceOrientationPortrait UIInterfaceOrientationLandscapeLeft UIInterfaceOrientationLandscapeRight";
				IPHONEOS_DEPLOYMENT_TARGET = 16.0;
				LD_RUNPATH_SEARCH_PATHS = (
					"$(inherited)",
					"@executable_path/Frameworks",
				);
				MARKETING_VERSION = 1.0;
				PRODUCT_BUNDLE_IDENTIFIER = com.wilfreebats.ExpenseApp;
				PRODUCT_NAME = "$(TARGET_NAME)";
				SWIFT_EMIT_LOC_STRINGS = YES;
				SWIFT_VERSION = 5.0;
				TARGETED_DEVICE_FAMILY = "1,2";
			};
			name = Debug;
		};
		34EED8C02B42CC2F00DDC1D3 /* Release */ = {
			isa = XCBuildConfiguration;
			buildSettings = {
				ASSETCATALOG_COMPILER_APPICON_NAME = AppIcon;
				ASSETCATALOG_COMPILER_GLOBAL_ACCENT_COLOR_NAME = AccentColor;
				CODE_SIGN_STYLE = Automatic;
				CURRENT_PROJECT_VERSION = 1;
				DEVELOPMENT_ASSET_PATHS = "\"ExpenseApp/Preview Content\"";
				DEVELOPMENT_TEAM = BWMT47SU8X;
				ENABLE_PREVIEWS = YES;
				GENERATE_INFOPLIST_FILE = YES;
				INFOPLIST_KEY_UIApplicationSceneManifest_Generation = YES;
				INFOPLIST_KEY_UIApplicationSupportsIndirectInputEvents = YES;
				INFOPLIST_KEY_UILaunchScreen_Generation = YES;
				INFOPLIST_KEY_UISupportedInterfaceOrientations_iPad = "UIInterfaceOrientationPortrait UIInterfaceOrientationPortraitUpsideDown UIInterfaceOrientationLandscapeLeft UIInterfaceOrientationLandscapeRight";
				INFOPLIST_KEY_UISupportedInterfaceOrientations_iPhone = "UIInterfaceOrientationPortrait UIInterfaceOrientationLandscapeLeft UIInterfaceOrientationLandscapeRight";
				IPHONEOS_DEPLOYMENT_TARGET = 16.0;
				LD_RUNPATH_SEARCH_PATHS = (
					"$(inherited)",
					"@executable_path/Frameworks",
				);
				MARKETING_VERSION = 1.0;
				PRODUCT_BUNDLE_IDENTIFIER = com.wilfreebats.ExpenseApp;
				PRODUCT_NAME = "$(TARGET_NAME)";
				SWIFT_EMIT_LOC_STRINGS = YES;
				SWIFT_VERSION = 5.0;
				TARGETED_DEVICE_FAMILY = "1,2";
			};
			name = Release;
		};
/* End XCBuildConfiguration section */

/* Begin XCConfigurationList section */
		34EED8AB2B42CC2D00DDC1D3 /* Build configuration list for PBXProject "ExpenseApp" */ = {
			isa = XCConfigurationList;
			buildConfigurations = (
				34EED8BC2B42CC2F00DDC1D3 /* Debug */,
				34EED8BD2B42CC2F00DDC1D3 /* Release */,
			);
			defaultConfigurationIsVisible = 0;
			defaultConfigurationName = Release;
		};
		34EED8BE2B42CC2F00DDC1D3 /* Build configuration list for PBXNativeTarget "ExpenseApp" */ = {
			isa = XCConfigurationList;
			buildConfigurations = (
				34EED8BF2B42CC2F00DDC1D3 /* Debug */,
				34EED8C02B42CC2F00DDC1D3 /* Release */,
			);
			defaultConfigurationIsVisible = 0;
			defaultConfigurationName = Release;
		};
/* End XCConfigurationList section */

/* Begin XCVersionGroup section */
		34D782DB2B46D7160079F53E /* ExpenseModel.xcdatamodeld */ = {
			isa = XCVersionGroup;
			children = (
				34D782DC2B46D7160079F53E /* ExpenseModel.xcdatamodel */,
			);
			currentVersion = 34D782DC2B46D7160079F53E /* ExpenseModel.xcdatamodel */;
			path = ExpenseModel.xcdatamodeld;
			sourceTree = "<group>";
			versionGroupType = wrapper.xcdatamodel;
		};
/* End XCVersionGroup section */
	};
	rootObject = 34EED8A82B42CC2D00DDC1D3 /* Project object */;
}
